
Microsoft Visual Studio Solution File, Format Version 12.00
# Visual Studio Version 17
VisualStudioVersion = 17.9.34622.214
MinimumVisualStudioVersion = 10.0.40219.1
Project("{2150E333-8FDC-42A3-9474-1A3956D46DE8}") = "src", "src", "{898D040F-837E-4F30-BCF1-9D01EB9F63BB}"
EndProject
Project("{2150E333-8FDC-42A3-9474-1A3956D46DE8}") = "Solution Items", "Solution Items", "{8FF7BAA9-E67C-4722-8B09-453212E6C8DA}"
	ProjectSection(SolutionItems) = preProject
		ServiceUrls.txt = ServiceUrls.txt
	EndProjectSection
EndProject
Project("{2150E333-8FDC-42A3-9474-1A3956D46DE8}") = "ApiGateways", "ApiGateways", "{BCA3B39C-4123-445D-9F92-669E7C0B5B87}"
EndProject
Project("{2150E333-8FDC-42A3-9474-1A3956D46DE8}") = "BuildingBlocks", "BuildingBlocks", "{793AD858-D60F-49AD-B3D0-2D39D553E54B}"
EndProject
Project("{2150E333-8FDC-42A3-9474-1A3956D46DE8}") = "Services", "Services", "{40BF7E3E-8610-48B4-BE09-3A137CDE3B0B}"
EndProject
Project("{2150E333-8FDC-42A3-9474-1A3956D46DE8}") = "Clients", "Clients", "{689609F5-611E-44C1-8EA2-5D75265FF505}"
EndProject
Project("{2150E333-8FDC-42A3-9474-1A3956D46DE8}") = "WebApiGateway", "WebApiGateway", "{2D499A77-E836-42EC-97C2-B20C19A8B8E3}"
EndProject
Project("{FAE04EC0-301F-11D3-BF4B-00C04F79EFBC}") = "Web.WebApiGateway", "src\ApiGateways\WebApiGateway\Web.WebApiGateway\Web.WebApiGateway.csproj", "{7D17C59C-ACEE-4F1E-9649-3F1DA89310D2}"
EndProject
Project("{2150E333-8FDC-42A3-9474-1A3956D46DE8}") = "EventBus", "EventBus", "{C689D3BF-29B5-4DAC-8DD0-032850F25947}"
EndProject
Project("{FAE04EC0-301F-11D3-BF4B-00C04F79EFBC}") = "EventBus.Base", "src\BuildingBlocks\EventBus\EventBus.Base\EventBus.Base.csproj", "{895D2967-8549-4029-A549-2D73AE4AC6CB}"
EndProject
Project("{FAE04EC0-301F-11D3-BF4B-00C04F79EFBC}") = "EventBus.Factory", "src\BuildingBlocks\EventBus\EventBus.Factory\EventBus.Factory.csproj", "{7B82DEB6-CDC4-4FEF-93C8-BCBDAE33469A}"
EndProject
Project("{FAE04EC0-301F-11D3-BF4B-00C04F79EFBC}") = "EventBus.AzureServiceBus", "src\BuildingBlocks\EventBus\EventBus.AzureServiceBus\EventBus.AzureServiceBus.csproj", "{AF20D146-2962-4074-B6E4-575D1403CE16}"
EndProject
Project("{FAE04EC0-301F-11D3-BF4B-00C04F79EFBC}") = "EventBus.RabbitMQ", "src\BuildingBlocks\EventBus\EventBus.RabbitMQ\EventBus.RabbitMQ.csproj", "{09F5D146-4BFA-40F9-B6B6-E5217A88F92A}"
EndProject
Project("{2150E333-8FDC-42A3-9474-1A3956D46DE8}") = "BlazorWebApp", "BlazorWebApp", "{F8DF6DCA-F93B-4E25-9515-89E57FAC6B51}"
EndProject
Project("{FAE04EC0-301F-11D3-BF4B-00C04F79EFBC}") = "WebApp", "src\Clients\BlazorWebApp\WebApp\WebApp.csproj", "{F2157ED3-F2CE-4669-A5F9-5F907FEBB5AF}"
EndProject
Project("{2150E333-8FDC-42A3-9474-1A3956D46DE8}") = "BasketService", "BasketService", "{BD4BBED0-0F3E-4F4A-8C0D-4E849C889149}"
EndProject
Project("{FAE04EC0-301F-11D3-BF4B-00C04F79EFBC}") = "BasketService.WebApi", "src\Services\BasketService\BasketService.WebApi\BasketService.WebApi.csproj", "{29DADF98-1E19-404A-806C-E501E51508AD}"
EndProject
Project("{2150E333-8FDC-42A3-9474-1A3956D46DE8}") = "CatalogService", "CatalogService", "{84F6FF27-9202-4D58-A0F5-43A1FE629AAE}"
EndProject
Project("{FAE04EC0-301F-11D3-BF4B-00C04F79EFBC}") = "CatalogService.Api", "src\Services\CatalogService\CatalogService.Api\CatalogService.Api.csproj", "{25922B59-475F-42D1-B42F-2D13DE34DFE9}"
EndProject
Project("{2150E333-8FDC-42A3-9474-1A3956D46DE8}") = "IdentityService", "IdentityService", "{5036919F-2315-424C-A69E-D4E9D190E6BA}"
EndProject
Project("{FAE04EC0-301F-11D3-BF4B-00C04F79EFBC}") = "IdentityService.Api", "src\Services\IdentityService\IdentityService.Api\IdentityService.Api.csproj", "{0C9FFA55-D7F3-4ADC-A1BC-97066069B813}"
EndProject
Project("{2150E333-8FDC-42A3-9474-1A3956D46DE8}") = "NotificationService", "NotificationService", "{45C884F9-1B66-4751-A14F-DE6082A5B05E}"
EndProject
Project("{FAE04EC0-301F-11D3-BF4B-00C04F79EFBC}") = "NotificationService", "src\Services\NotificationService\NotificationService\NotificationService.csproj", "{E2897ED5-2159-4E5D-9D60-0A267DEA4B11}"
EndProject
Project("{2150E333-8FDC-42A3-9474-1A3956D46DE8}") = "OrderService", "OrderService", "{BCBE2801-C0A2-4567-93A3-1F349C0CAE9F}"
EndProject
Project("{FAE04EC0-301F-11D3-BF4B-00C04F79EFBC}") = "OrderService.Domain", "src\Services\OrderService\OrderService.Domain\OrderService.Domain.csproj", "{43B5FA1E-7F61-4C8D-BAF7-06ECADF42855}"
EndProject
Project("{FAE04EC0-301F-11D3-BF4B-00C04F79EFBC}") = "OrderService.Application", "src\Services\OrderService\OrderService.Application\OrderService.Application.csproj", "{7352C1B4-1478-4E0F-B8C8-A22958300342}"
EndProject
Project("{FAE04EC0-301F-11D3-BF4B-00C04F79EFBC}") = "OrderService.Infrastructure", "src\Services\OrderService\OrderService.Infrastructure\OrderService.Infrastructure.csproj", "{87ACED46-9BE8-4137-9952-AF21647D45F2}"
EndProject
Project("{FAE04EC0-301F-11D3-BF4B-00C04F79EFBC}") = "OrderService.Api", "src\Services\OrderService\OrderService.Api\OrderService.Api.csproj", "{A108A981-8AE4-4E6C-B47C-66ADF8D3F2C6}"
EndProject
Project("{2150E333-8FDC-42A3-9474-1A3956D46DE8}") = "PaymentService", "PaymentService", "{FA21B850-0B0C-4236-9B0E-08A03830CE2F}"
EndProject
Project("{FAE04EC0-301F-11D3-BF4B-00C04F79EFBC}") = "PaymentService.Api", "src\Services\PaymentService\PaymentService.Api\PaymentService.Api.csproj", "{E46E9915-CA40-4F65-925E-CBFB92896C6F}"
EndProject
Global
	GlobalSection(SolutionConfigurationPlatforms) = preSolution
		Debug|Any CPU = Debug|Any CPU
		Release|Any CPU = Release|Any CPU
	EndGlobalSection
	GlobalSection(ProjectConfigurationPlatforms) = postSolution
		{7D17C59C-ACEE-4F1E-9649-3F1DA89310D2}.Debug|Any CPU.ActiveCfg = Debug|Any CPU
		{7D17C59C-ACEE-4F1E-9649-3F1DA89310D2}.Debug|Any CPU.Build.0 = Debug|Any CPU
		{7D17C59C-ACEE-4F1E-9649-3F1DA89310D2}.Release|Any CPU.ActiveCfg = Release|Any CPU
		{7D17C59C-ACEE-4F1E-9649-3F1DA89310D2}.Release|Any CPU.Build.0 = Release|Any CPU
		{895D2967-8549-4029-A549-2D73AE4AC6CB}.Debug|Any CPU.ActiveCfg = Debug|Any CPU
		{895D2967-8549-4029-A549-2D73AE4AC6CB}.Debug|Any CPU.Build.0 = Debug|Any CPU
		{895D2967-8549-4029-A549-2D73AE4AC6CB}.Release|Any CPU.ActiveCfg = Release|Any CPU
		{895D2967-8549-4029-A549-2D73AE4AC6CB}.Release|Any CPU.Build.0 = Release|Any CPU
		{7B82DEB6-CDC4-4FEF-93C8-BCBDAE33469A}.Debug|Any CPU.ActiveCfg = Debug|Any CPU
		{7B82DEB6-CDC4-4FEF-93C8-BCBDAE33469A}.Debug|Any CPU.Build.0 = Debug|Any CPU
		{7B82DEB6-CDC4-4FEF-93C8-BCBDAE33469A}.Release|Any CPU.ActiveCfg = Release|Any CPU
		{7B82DEB6-CDC4-4FEF-93C8-BCBDAE33469A}.Release|Any CPU.Build.0 = Release|Any CPU
		{AF20D146-2962-4074-B6E4-575D1403CE16}.Debug|Any CPU.ActiveCfg = Debug|Any CPU
		{AF20D146-2962-4074-B6E4-575D1403CE16}.Debug|Any CPU.Build.0 = Debug|Any CPU
		{AF20D146-2962-4074-B6E4-575D1403CE16}.Release|Any CPU.ActiveCfg = Release|Any CPU
		{AF20D146-2962-4074-B6E4-575D1403CE16}.Release|Any CPU.Build.0 = Release|Any CPU
		{09F5D146-4BFA-40F9-B6B6-E5217A88F92A}.Debug|Any CPU.ActiveCfg = Debug|Any CPU
		{09F5D146-4BFA-40F9-B6B6-E5217A88F92A}.Debug|Any CPU.Build.0 = Debug|Any CPU
		{09F5D146-4BFA-40F9-B6B6-E5217A88F92A}.Release|Any CPU.ActiveCfg = Release|Any CPU
		{09F5D146-4BFA-40F9-B6B6-E5217A88F92A}.Release|Any CPU.Build.0 = Release|Any CPU
		{F2157ED3-F2CE-4669-A5F9-5F907FEBB5AF}.Debug|Any CPU.ActiveCfg = Debug|Any CPU
		{F2157ED3-F2CE-4669-A5F9-5F907FEBB5AF}.Debug|Any CPU.Build.0 = Debug|Any CPU
		{F2157ED3-F2CE-4669-A5F9-5F907FEBB5AF}.Release|Any CPU.ActiveCfg = Release|Any CPU
		{F2157ED3-F2CE-4669-A5F9-5F907FEBB5AF}.Release|Any CPU.Build.0 = Release|Any CPU
		{29DADF98-1E19-404A-806C-E501E51508AD}.Debug|Any CPU.ActiveCfg = Debug|Any CPU
		{29DADF98-1E19-404A-806C-E501E51508AD}.Debug|Any CPU.Build.0 = Debug|Any CPU
		{29DADF98-1E19-404A-806C-E501E51508AD}.Release|Any CPU.ActiveCfg = Release|Any CPU
		{29DADF98-1E19-404A-806C-E501E51508AD}.Release|Any CPU.Build.0 = Release|Any CPU
		{25922B59-475F-42D1-B42F-2D13DE34DFE9}.Debug|Any CPU.ActiveCfg = Debug|Any CPU
		{25922B59-475F-42D1-B42F-2D13DE34DFE9}.Debug|Any CPU.Build.0 = Debug|Any CPU
		{25922B59-475F-42D1-B42F-2D13DE34DFE9}.Release|Any CPU.ActiveCfg = Release|Any CPU
		{25922B59-475F-42D1-B42F-2D13DE34DFE9}.Release|Any CPU.Build.0 = Release|Any CPU
		{0C9FFA55-D7F3-4ADC-A1BC-97066069B813}.Debug|Any CPU.ActiveCfg = Debug|Any CPU
		{0C9FFA55-D7F3-4ADC-A1BC-97066069B813}.Debug|Any CPU.Build.0 = Debug|Any CPU
		{0C9FFA55-D7F3-4ADC-A1BC-97066069B813}.Release|Any CPU.ActiveCfg = Release|Any CPU
		{0C9FFA55-D7F3-4ADC-A1BC-97066069B813}.Release|Any CPU.Build.0 = Release|Any CPU
		{E2897ED5-2159-4E5D-9D60-0A267DEA4B11}.Debug|Any CPU.ActiveCfg = Debug|Any CPU
		{E2897ED5-2159-4E5D-9D60-0A267DEA4B11}.Debug|Any CPU.Build.0 = Debug|Any CPU
		{E2897ED5-2159-4E5D-9D60-0A267DEA4B11}.Release|Any CPU.ActiveCfg = Release|Any CPU
		{E2897ED5-2159-4E5D-9D60-0A267DEA4B11}.Release|Any CPU.Build.0 = Release|Any CPU
		{43B5FA1E-7F61-4C8D-BAF7-06ECADF42855}.Debug|Any CPU.ActiveCfg = Debug|Any CPU
		{43B5FA1E-7F61-4C8D-BAF7-06ECADF42855}.Debug|Any CPU.Build.0 = Debug|Any CPU
		{43B5FA1E-7F61-4C8D-BAF7-06ECADF42855}.Release|Any CPU.ActiveCfg = Release|Any CPU
		{43B5FA1E-7F61-4C8D-BAF7-06ECADF42855}.Release|Any CPU.Build.0 = Release|Any CPU
		{7352C1B4-1478-4E0F-B8C8-A22958300342}.Debug|Any CPU.ActiveCfg = Debug|Any CPU
		{7352C1B4-1478-4E0F-B8C8-A22958300342}.Debug|Any CPU.Build.0 = Debug|Any CPU
		{7352C1B4-1478-4E0F-B8C8-A22958300342}.Release|Any CPU.ActiveCfg = Release|Any CPU
		{7352C1B4-1478-4E0F-B8C8-A22958300342}.Release|Any CPU.Build.0 = Release|Any CPU
		{87ACED46-9BE8-4137-9952-AF21647D45F2}.Debug|Any CPU.ActiveCfg = Debug|Any CPU
		{87ACED46-9BE8-4137-9952-AF21647D45F2}.Debug|Any CPU.Build.0 = Debug|Any CPU
		{87ACED46-9BE8-4137-9952-AF21647D45F2}.Release|Any CPU.ActiveCfg = Release|Any CPU
		{87ACED46-9BE8-4137-9952-AF21647D45F2}.Release|Any CPU.Build.0 = Release|Any CPU
		{A108A981-8AE4-4E6C-B47C-66ADF8D3F2C6}.Debug|Any CPU.ActiveCfg = Debug|Any CPU
		{A108A981-8AE4-4E6C-B47C-66ADF8D3F2C6}.Debug|Any CPU.Build.0 = Debug|Any CPU
		{A108A981-8AE4-4E6C-B47C-66ADF8D3F2C6}.Release|Any CPU.ActiveCfg = Release|Any CPU
		{A108A981-8AE4-4E6C-B47C-66ADF8D3F2C6}.Release|Any CPU.Build.0 = Release|Any CPU
		{E46E9915-CA40-4F65-925E-CBFB92896C6F}.Debug|Any CPU.ActiveCfg = Debug|Any CPU
		{E46E9915-CA40-4F65-925E-CBFB92896C6F}.Debug|Any CPU.Build.0 = Debug|Any CPU
		{E46E9915-CA40-4F65-925E-CBFB92896C6F}.Release|Any CPU.ActiveCfg = Release|Any CPU
		{E46E9915-CA40-4F65-925E-CBFB92896C6F}.Release|Any CPU.Build.0 = Release|Any CPU
	EndGlobalSection
	GlobalSection(SolutionProperties) = preSolution
		HideSolutionNode = FALSE
	EndGlobalSection
	GlobalSection(NestedProjects) = preSolution
		{BCA3B39C-4123-445D-9F92-669E7C0B5B87} = {898D040F-837E-4F30-BCF1-9D01EB9F63BB}
		{793AD858-D60F-49AD-B3D0-2D39D553E54B} = {898D040F-837E-4F30-BCF1-9D01EB9F63BB}
		{40BF7E3E-8610-48B4-BE09-3A137CDE3B0B} = {898D040F-837E-4F30-BCF1-9D01EB9F63BB}
		{689609F5-611E-44C1-8EA2-5D75265FF505} = {898D040F-837E-4F30-BCF1-9D01EB9F63BB}
		{2D499A77-E836-42EC-97C2-B20C19A8B8E3} = {BCA3B39C-4123-445D-9F92-669E7C0B5B87}
		{7D17C59C-ACEE-4F1E-9649-3F1DA89310D2} = {2D499A77-E836-42EC-97C2-B20C19A8B8E3}
		{C689D3BF-29B5-4DAC-8DD0-032850F25947} = {793AD858-D60F-49AD-B3D0-2D39D553E54B}
		{895D2967-8549-4029-A549-2D73AE4AC6CB} = {C689D3BF-29B5-4DAC-8DD0-032850F25947}
		{7B82DEB6-CDC4-4FEF-93C8-BCBDAE33469A} = {C689D3BF-29B5-4DAC-8DD0-032850F25947}
		{AF20D146-2962-4074-B6E4-575D1403CE16} = {C689D3BF-29B5-4DAC-8DD0-032850F25947}
		{09F5D146-4BFA-40F9-B6B6-E5217A88F92A} = {C689D3BF-29B5-4DAC-8DD0-032850F25947}
		{F8DF6DCA-F93B-4E25-9515-89E57FAC6B51} = {689609F5-611E-44C1-8EA2-5D75265FF505}
		{F2157ED3-F2CE-4669-A5F9-5F907FEBB5AF} = {F8DF6DCA-F93B-4E25-9515-89E57FAC6B51}
		{BD4BBED0-0F3E-4F4A-8C0D-4E849C889149} = {40BF7E3E-8610-48B4-BE09-3A137CDE3B0B}
		{29DADF98-1E19-404A-806C-E501E51508AD} = {BD4BBED0-0F3E-4F4A-8C0D-4E849C889149}
		{84F6FF27-9202-4D58-A0F5-43A1FE629AAE} = {40BF7E3E-8610-48B4-BE09-3A137CDE3B0B}
		{25922B59-475F-42D1-B42F-2D13DE34DFE9} = {84F6FF27-9202-4D58-A0F5-43A1FE629AAE}
		{5036919F-2315-424C-A69E-D4E9D190E6BA} = {40BF7E3E-8610-48B4-BE09-3A137CDE3B0B}
		{0C9FFA55-D7F3-4ADC-A1BC-97066069B813} = {5036919F-2315-424C-A69E-D4E9D190E6BA}
		{45C884F9-1B66-4751-A14F-DE6082A5B05E} = {40BF7E3E-8610-48B4-BE09-3A137CDE3B0B}
		{E2897ED5-2159-4E5D-9D60-0A267DEA4B11} = {45C884F9-1B66-4751-A14F-DE6082A5B05E}
		{BCBE2801-C0A2-4567-93A3-1F349C0CAE9F} = {40BF7E3E-8610-48B4-BE09-3A137CDE3B0B}
		{43B5FA1E-7F61-4C8D-BAF7-06ECADF42855} = {BCBE2801-C0A2-4567-93A3-1F349C0CAE9F}
		{7352C1B4-1478-4E0F-B8C8-A22958300342} = {BCBE2801-C0A2-4567-93A3-1F349C0CAE9F}
		{87ACED46-9BE8-4137-9952-AF21647D45F2} = {BCBE2801-C0A2-4567-93A3-1F349C0CAE9F}
		{A108A981-8AE4-4E6C-B47C-66ADF8D3F2C6} = {BCBE2801-C0A2-4567-93A3-1F349C0CAE9F}
		{FA21B850-0B0C-4236-9B0E-08A03830CE2F} = {40BF7E3E-8610-48B4-BE09-3A137CDE3B0B}
		{E46E9915-CA40-4F65-925E-CBFB92896C6F} = {FA21B850-0B0C-4236-9B0E-08A03830CE2F}
	EndGlobalSection
	GlobalSection(ExtensibilityGlobals) = postSolution
		SolutionGuid = {CFDE2535-B9B7-4DE2-8893-72A5A235132C}
	EndGlobalSection
EndGlobal
